
Microsoft Visual Studio Solution File, Format Version 12.00
# Visual Studio 15
VisualStudioVersion = 15.0.27428.2043
MinimumVisualStudioVersion = 10.0.40219.1
Project("{FAE04EC0-301F-11D3-BF4B-00C04F79EFBC}") = "AudioPlayer", "AudioPlayer\AudioPlayer.csproj", "{910275BC-DB5B-4286-B413-83356C589A7D}"
EndProject
Global
	GlobalSection(SolutionConfigurationPlatforms) = preSolution
		Debug|Any CPU = Debug|Any CPU
		Release|Any CPU = Release|Any CPU
	EndGlobalSection
	GlobalSection(ProjectConfigurationPlatforms) = postSolution
		{910275BC-DB5B-4286-B413-83356C589A7D}.Debug|Any CPU.ActiveCfg = Debug|Any CPU
		{910275BC-DB5B-4286-B413-83356C589A7D}.Debug|Any CPU.Build.0 = Debug|Any CPU
		{910275BC-DB5B-4286-B413-83356C589A7D}.Release|Any CPU.ActiveCfg = Release|Any CPU
		{910275BC-DB5B-4286-B413-83356C589A7D}.Release|Any CPU.Build.0 = Release|Any CPU
	EndGlobalSection
	GlobalSection(SolutionProperties) = preSolution
		HideSolutionNode = FALSE
	EndGlobalSection
	GlobalSection(ExtensibilityGlobals) = postSolution
		SolutionGuid = {8910B86C-9E2F-4DFA-B57C-83D0B19EBFDE}
	EndGlobalSection
EndGlobal
